
Microsoft Visual Studio Solution File, Format Version 12.00
# Visual Studio Version 17
VisualStudioVersion = 17.6.33815.320
MinimumVisualStudioVersion = 10.0.40219.1
Project("{9A19103F-16F7-4668-BE54-9A1E7A4F7556}") = "GenerativeAI", "GenerativeAI.csproj", "{71844B22-854C-439E-9A97-846484421C33}"
EndProject
Project("{FAE04EC0-301F-11D3-BF4B-00C04F79EFBC}") = "RegexTest", "..\RegexTest\RegexTest.csproj", "{68F49812-1A21-4CAF-82B8-3AFF7FFF2628}"
EndProject
Global
	GlobalSection(SolutionConfigurationPlatforms) = preSolution
		Debug|Any CPU = Debug|Any CPU
		Release|Any CPU = Release|Any CPU
	EndGlobalSection
	GlobalSection(ProjectConfigurationPlatforms) = postSolution
		{71844B22-854C-439E-9A97-846484421C33}.Debug|Any CPU.ActiveCfg = Debug|Any CPU
		{71844B22-854C-439E-9A97-846484421C33}.Debug|Any CPU.Build.0 = Debug|Any CPU
		{71844B22-854C-439E-9A97-846484421C33}.Release|Any CPU.ActiveCfg = Release|Any CPU
		{71844B22-854C-439E-9A97-846484421C33}.Release|Any CPU.Build.0 = Release|Any CPU
		{68F49812-1A21-4CAF-82B8-3AFF7FFF2628}.Debug|Any CPU.ActiveCfg = Debug|Any CPU
		{68F49812-1A21-4CAF-82B8-3AFF7FFF2628}.Debug|Any CPU.Build.0 = Debug|Any CPU
		{68F49812-1A21-4CAF-82B8-3AFF7FFF2628}.Release|Any CPU.ActiveCfg = Release|Any CPU
		{68F49812-1A21-4CAF-82B8-3AFF7FFF2628}.Release|Any CPU.Build.0 = Release|Any CPU
	EndGlobalSection
	GlobalSection(SolutionProperties) = preSolution
		HideSolutionNode = FALSE
	EndGlobalSection
	GlobalSection(ExtensibilityGlobals) = postSolution
		SolutionGuid = {021ACAD0-3570-4E3A-99CF-E4952BC3F821}
	EndGlobalSection
EndGlobal
